
Microsoft Visual Studio Solution File, Format Version 12.00
# Visual Studio Version 16
VisualStudioVersion = 16.0.31025.194
MinimumVisualStudioVersion = 10.0.40219.1
Project("{9A19103F-16F7-4668-BE54-9A1E7A4F7556}") = "MailSender", "MailSender\MailSender.csproj", "{32E5FE19-DB78-4A36-BFC4-BA3C7F5AA09B}"
EndProject
Project("{FAE04EC0-301F-11D3-BF4B-00C04F79EFBC}") = "MVVMAccess", "MVVMAccess\MVVMAccess.csproj", "{52FD8521-9E56-413E-95B4-70124B344330}"
EndProject
Project("{FAE04EC0-301F-11D3-BF4B-00C04F79EFBC}") = "CeasarCypher", "CeasarCypher\CeasarCypher.csproj", "{5AA4C0B1-057D-4966-892D-477ACD3DF4E6}"
EndProject
Project("{9A19103F-16F7-4668-BE54-9A1E7A4F7556}") = "TestingCeasarCypher", "TestingCeasarCypher\TestingCeasarCypher.csproj", "{C93F030D-3A1B-4D47-BCB4-170D7A3CB49A}"
EndProject
Project("{FAE04EC0-301F-11D3-BF4B-00C04F79EFBC}") = "AsyncFactorialAndSum", "AsyncFactorialAndSum\AsyncFactorialAndSum.csproj", "{D0963C74-E88B-4B14-A6D4-68D38AB29B5A}"
EndProject
Project("{9A19103F-16F7-4668-BE54-9A1E7A4F7556}") = "CSV_Parser", "CSV_Parser\CSV_Parser.csproj", "{1EA69C02-8B48-46E8-BCFF-9A4E0F93723D}"
EndProject
Project("{FAE04EC0-301F-11D3-BF4B-00C04F79EFBC}") = "TPL_Matrix", "TPL_Matrix\TPL_Matrix.csproj", "{D111B64B-ECEA-41D9-A5F2-CFA462CB951F}"
EndProject
Global
	GlobalSection(SolutionConfigurationPlatforms) = preSolution
		Debug|Any CPU = Debug|Any CPU
		Release|Any CPU = Release|Any CPU
	EndGlobalSection
	GlobalSection(ProjectConfigurationPlatforms) = postSolution
		{32E5FE19-DB78-4A36-BFC4-BA3C7F5AA09B}.Debug|Any CPU.ActiveCfg = Debug|Any CPU
		{32E5FE19-DB78-4A36-BFC4-BA3C7F5AA09B}.Debug|Any CPU.Build.0 = Debug|Any CPU
		{32E5FE19-DB78-4A36-BFC4-BA3C7F5AA09B}.Release|Any CPU.ActiveCfg = Release|Any CPU
		{32E5FE19-DB78-4A36-BFC4-BA3C7F5AA09B}.Release|Any CPU.Build.0 = Release|Any CPU
		{52FD8521-9E56-413E-95B4-70124B344330}.Debug|Any CPU.ActiveCfg = Debug|Any CPU
		{52FD8521-9E56-413E-95B4-70124B344330}.Debug|Any CPU.Build.0 = Debug|Any CPU
		{52FD8521-9E56-413E-95B4-70124B344330}.Release|Any CPU.ActiveCfg = Release|Any CPU
		{52FD8521-9E56-413E-95B4-70124B344330}.Release|Any CPU.Build.0 = Release|Any CPU
		{5AA4C0B1-057D-4966-892D-477ACD3DF4E6}.Debug|Any CPU.ActiveCfg = Debug|Any CPU
		{5AA4C0B1-057D-4966-892D-477ACD3DF4E6}.Debug|Any CPU.Build.0 = Debug|Any CPU
		{5AA4C0B1-057D-4966-892D-477ACD3DF4E6}.Release|Any CPU.ActiveCfg = Release|Any CPU
		{5AA4C0B1-057D-4966-892D-477ACD3DF4E6}.Release|Any CPU.Build.0 = Release|Any CPU
		{C93F030D-3A1B-4D47-BCB4-170D7A3CB49A}.Debug|Any CPU.ActiveCfg = Debug|Any CPU
		{C93F030D-3A1B-4D47-BCB4-170D7A3CB49A}.Debug|Any CPU.Build.0 = Debug|Any CPU
		{C93F030D-3A1B-4D47-BCB4-170D7A3CB49A}.Release|Any CPU.ActiveCfg = Release|Any CPU
		{C93F030D-3A1B-4D47-BCB4-170D7A3CB49A}.Release|Any CPU.Build.0 = Release|Any CPU
		{D0963C74-E88B-4B14-A6D4-68D38AB29B5A}.Debug|Any CPU.ActiveCfg = Debug|Any CPU
		{D0963C74-E88B-4B14-A6D4-68D38AB29B5A}.Debug|Any CPU.Build.0 = Debug|Any CPU
		{D0963C74-E88B-4B14-A6D4-68D38AB29B5A}.Release|Any CPU.ActiveCfg = Release|Any CPU
		{D0963C74-E88B-4B14-A6D4-68D38AB29B5A}.Release|Any CPU.Build.0 = Release|Any CPU
		{1EA69C02-8B48-46E8-BCFF-9A4E0F93723D}.Debug|Any CPU.ActiveCfg = Debug|Any CPU
		{1EA69C02-8B48-46E8-BCFF-9A4E0F93723D}.Debug|Any CPU.Build.0 = Debug|Any CPU
		{1EA69C02-8B48-46E8-BCFF-9A4E0F93723D}.Release|Any CPU.ActiveCfg = Release|Any CPU
		{1EA69C02-8B48-46E8-BCFF-9A4E0F93723D}.Release|Any CPU.Build.0 = Release|Any CPU
		{D111B64B-ECEA-41D9-A5F2-CFA462CB951F}.Debug|Any CPU.ActiveCfg = Debug|Any CPU
		{D111B64B-ECEA-41D9-A5F2-CFA462CB951F}.Debug|Any CPU.Build.0 = Debug|Any CPU
		{D111B64B-ECEA-41D9-A5F2-CFA462CB951F}.Release|Any CPU.ActiveCfg = Release|Any CPU
		{D111B64B-ECEA-41D9-A5F2-CFA462CB951F}.Release|Any CPU.Build.0 = Release|Any CPU
	EndGlobalSection
	GlobalSection(SolutionProperties) = preSolution
		HideSolutionNode = FALSE
	EndGlobalSection
	GlobalSection(ExtensibilityGlobals) = postSolution
		SolutionGuid = {E38229F3-9A59-47F2-8BCE-B5F6346EAF18}
	EndGlobalSection
EndGlobal
